Microsoft Visual Studio Solution File, Format Version 12.00
# Visual Studio 16
Project("{8BC9CEB8-8B4A-11D0-8D11-00A0C91BC942}") = "ALL_BUILD", "ALL_BUILD.vcxproj", "{DCE33C5E-107F-32CD-9988-AF72061418B0}"
	ProjectSection(ProjectDependencies) = postProject
		{5AF961A4-2199-328B-BFAF-FF3D961BD737} = {5AF961A4-2199-328B-BFAF-FF3D961BD737}
		{6EE75D3F-B57D-3B37-8D11-879CC64E2465} = {6EE75D3F-B57D-3B37-8D11-879CC64E2465}
	EndProjectSection
EndProject
Project("{8BC9CEB8-8B4A-11D0-8D11-00A0C91BC942}") = "BlasterMasterRemake", "BlasterMasterRemake.vcxproj", "{5AF961A4-2199-328B-BFAF-FF3D961BD737}"
	ProjectSection(ProjectDependencies) = postProject
		{6EE75D3F-B57D-3B37-8D11-879CC64E2465} = {6EE75D3F-B57D-3B37-8D11-879CC64E2465}
	EndProjectSection
EndProject
Project("{8BC9CEB8-8B4A-11D0-8D11-00A0C91BC942}") = "ZERO_CHECK", "ZERO_CHECK.vcxproj", "{6EE75D3F-B57D-3B37-8D11-879CC64E2465}"
	ProjectSection(ProjectDependencies) = postProject
	EndProjectSection
EndProject
Global
	GlobalSection(SolutionConfigurationPlatforms) = preSolution
		Debug|x64 = Debug|x64
		Release|x64 = Release|x64
		MinSizeRel|x64 = MinSizeRel|x64
		RelWithDebInfo|x64 = RelWithDebInfo|x64
	EndGlobalSection
	GlobalSection(ProjectConfigurationPlatforms) = postSolution
		{DCE33C5E-107F-32CD-9988-AF72061418B0}.Debug|x64.ActiveCfg = Debug|x64
		{DCE33C5E-107F-32CD-9988-AF72061418B0}.Release|x64.ActiveCfg = Release|x64
		{DCE33C5E-107F-32CD-9988-AF72061418B0}.MinSizeRel|x64.ActiveCfg = MinSizeRel|x64
		{DCE33C5E-107F-32CD-9988-AF72061418B0}.RelWithDebInfo|x64.ActiveCfg = RelWithDebInfo|x64
		{5AF961A4-2199-328B-BFAF-FF3D961BD737}.Debug|x64.ActiveCfg = Debug|x64
		{5AF961A4-2199-328B-BFAF-FF3D961BD737}.Debug|x64.Build.0 = Debug|x64
		{5AF961A4-2199-328B-BFAF-FF3D961BD737}.Release|x64.ActiveCfg = Release|x64
		{5AF961A4-2199-328B-BFAF-FF3D961BD737}.Release|x64.Build.0 = Release|x64
		{5AF961A4-2199-328B-BFAF-FF3D961BD737}.MinSizeRel|x64.ActiveCfg = MinSizeRel|x64
		{5AF961A4-2199-328B-BFAF-FF3D961BD737}.MinSizeRel|x64.Build.0 = MinSizeRel|x64
		{5AF961A4-2199-328B-BFAF-FF3D961BD737}.RelWithDebInfo|x64.ActiveCfg = RelWithDebInfo|x64
		{5AF961A4-2199-328B-BFAF-FF3D961BD737}.RelWithDebInfo|x64.Build.0 = RelWithDebInfo|x64
		{6EE75D3F-B57D-3B37-8D11-879CC64E2465}.Debug|x64.ActiveCfg = Debug|x64
		{6EE75D3F-B57D-3B37-8D11-879CC64E2465}.Debug|x64.Build.0 = Debug|x64
		{6EE75D3F-B57D-3B37-8D11-879CC64E2465}.Release|x64.ActiveCfg = Release|x64
		{6EE75D3F-B57D-3B37-8D11-879CC64E2465}.Release|x64.Build.0 = Release|x64
		{6EE75D3F-B57D-3B37-8D11-879CC64E2465}.MinSizeRel|x64.ActiveCfg = MinSizeRel|x64
		{6EE75D3F-B57D-3B37-8D11-879CC64E2465}.MinSizeRel|x64.Build.0 = MinSizeRel|x64
		{6EE75D3F-B57D-3B37-8D11-879CC64E2465}.RelWithDebInfo|x64.ActiveCfg = RelWithDebInfo|x64
		{6EE75D3F-B57D-3B37-8D11-879CC64E2465}.RelWithDebInfo|x64.Build.0 = RelWithDebInfo|x64
	EndGlobalSection
	GlobalSection(ExtensibilityGlobals) = postSolution
		SolutionGuid = {418AF357-D093-36FC-9462-3BC528BE2FA0}
	EndGlobalSection
	GlobalSection(ExtensibilityAddIns) = postSolution
	EndGlobalSection
EndGlobal
